
Microsoft Visual Studio Solution File, Format Version 12.00
# Visual Studio 15
VisualStudioVersion = 15.0.28010.0
MinimumVisualStudioVersion = 10.0.40219.1
Project("{FAE04EC0-301F-11D3-BF4B-00C04F79EFBC}") = "APlanner.Android", "APlanner\APlanner.Android\APlanner.Android.csproj", "{0EF9CBE0-69CE-4916-B1BE-36E1835F2971}"
EndProject
Project("{FAE04EC0-301F-11D3-BF4B-00C04F79EFBC}") = "APlanner.iOS", "APlanner\APlanner.iOS\APlanner.iOS.csproj", "{9EE0EFBD-7EBE-461E-B278-11B867DDD18C}"
EndProject
Project("{9A19103F-16F7-4668-BE54-9A1E7A4F7556}") = "APlanner", "APlanner\APlanner\APlanner.csproj", "{F34F0BC3-F52B-49AA-A571-4516BDF8E46B}"
EndProject
Global
	GlobalSection(SolutionConfigurationPlatforms) = preSolution
		Ad-Hoc|Any CPU = Ad-Hoc|Any CPU
		Ad-Hoc|iPhone = Ad-Hoc|iPhone
		Ad-Hoc|iPhoneSimulator = Ad-Hoc|iPhoneSimulator
		AppStore|Any CPU = AppStore|Any CPU
		AppStore|iPhone = AppStore|iPhone
		AppStore|iPhoneSimulator = AppStore|iPhoneSimulator
		Debug|Any CPU = Debug|Any CPU
		Debug|iPhone = Debug|iPhone
		Debug|iPhoneSimulator = Debug|iPhoneSimulator
		Release|Any CPU = Release|Any CPU
		Release|iPhone = Release|iPhone
		Release|iPhoneSimulator = Release|iPhoneSimulator
	EndGlobalSection
	GlobalSection(ProjectConfigurationPlatforms) = postSolution
		{0EF9CBE0-69CE-4916-B1BE-36E1835F2971}.Ad-Hoc|Any CPU.ActiveCfg = Release|Any CPU
		{0EF9CBE0-69CE-4916-B1BE-36E1835F2971}.Ad-Hoc|Any CPU.Build.0 = Release|Any CPU
		{0EF9CBE0-69CE-4916-B1BE-36E1835F2971}.Ad-Hoc|Any CPU.Deploy.0 = Release|Any CPU
		{0EF9CBE0-69CE-4916-B1BE-36E1835F2971}.Ad-Hoc|iPhone.ActiveCfg = Release|Any CPU
		{0EF9CBE0-69CE-4916-B1BE-36E1835F2971}.Ad-Hoc|iPhone.Build.0 = Release|Any CPU
		{0EF9CBE0-69CE-4916-B1BE-36E1835F2971}.Ad-Hoc|iPhone.Deploy.0 = Release|Any CPU
		{0EF9CBE0-69CE-4916-B1BE-36E1835F2971}.Ad-Hoc|iPhoneSimulator.ActiveCfg = Release|Any CPU
		{0EF9CBE0-69CE-4916-B1BE-36E1835F2971}.Ad-Hoc|iPhoneSimulator.Build.0 = Release|Any CPU
		{0EF9CBE0-69CE-4916-B1BE-36E1835F2971}.Ad-Hoc|iPhoneSimulator.Deploy.0 = Release|Any CPU
		{0EF9CBE0-69CE-4916-B1BE-36E1835F2971}.AppStore|Any CPU.ActiveCfg = Release|Any CPU
		{0EF9CBE0-69CE-4916-B1BE-36E1835F2971}.AppStore|Any CPU.Build.0 = Release|Any CPU
		{0EF9CBE0-69CE-4916-B1BE-36E1835F2971}.AppStore|Any CPU.Deploy.0 = Release|Any CPU
		{0EF9CBE0-69CE-4916-B1BE-36E1835F2971}.AppStore|iPhone.ActiveCfg = Release|Any CPU
		{0EF9CBE0-69CE-4916-B1BE-36E1835F2971}.AppStore|iPhone.Build.0 = Release|Any CPU
		{0EF9CBE0-69CE-4916-B1BE-36E1835F2971}.AppStore|iPhone.Deploy.0 = Release|Any CPU
		{0EF9CBE0-69CE-4916-B1BE-36E1835F2971}.AppStore|iPhoneSimulator.ActiveCfg = Release|Any CPU
		{0EF9CBE0-69CE-4916-B1BE-36E1835F2971}.AppStore|iPhoneSimulator.Build.0 = Release|Any CPU
		{0EF9CBE0-69CE-4916-B1BE-36E1835F2971}.AppStore|iPhoneSimulator.Deploy.0 = Release|Any CPU
		{0EF9CBE0-69CE-4916-B1BE-36E1835F2971}.Debug|Any CPU.ActiveCfg = Debug|Any CPU
		{0EF9CBE0-69CE-4916-B1BE-36E1835F2971}.Debug|Any CPU.Build.0 = Debug|Any CPU
		{0EF9CBE0-69CE-4916-B1BE-36E1835F2971}.Debug|Any CPU.Deploy.0 = Debug|Any CPU
		{0EF9CBE0-69CE-4916-B1BE-36E1835F2971}.Debug|iPhone.ActiveCfg = Debug|Any CPU
		{0EF9CBE0-69CE-4916-B1BE-36E1835F2971}.Debug|iPhone.Build.0 = Debug|Any CPU
		{0EF9CBE0-69CE-4916-B1BE-36E1835F2971}.Debug|iPhone.Deploy.0 = Debug|Any CPU
		{0EF9CBE0-69CE-4916-B1BE-36E1835F2971}.Debug|iPhoneSimulator.ActiveCfg = Debug|Any CPU
		{0EF9CBE0-69CE-4916-B1BE-36E1835F2971}.Debug|iPhoneSimulator.Build.0 = Debug|Any CPU
		{0EF9CBE0-69CE-4916-B1BE-36E1835F2971}.Debug|iPhoneSimulator.Deploy.0 = Debug|Any CPU
		{0EF9CBE0-69CE-4916-B1BE-36E1835F2971}.Release|Any CPU.ActiveCfg = Release|Any CPU
		{0EF9CBE0-69CE-4916-B1BE-36E1835F2971}.Release|Any CPU.Build.0 = Release|Any CPU
		{0EF9CBE0-69CE-4916-B1BE-36E1835F2971}.Release|Any CPU.Deploy.0 = Release|Any CPU
		{0EF9CBE0-69CE-4916-B1BE-36E1835F2971}.Release|iPhone.ActiveCfg = Release|Any CPU
		{0EF9CBE0-69CE-4916-B1BE-36E1835F2971}.Release|iPhone.Build.0 = Release|Any CPU
		{0EF9CBE0-69CE-4916-B1BE-36E1835F2971}.Release|iPhone.Deploy.0 = Release|Any CPU
		{0EF9CBE0-69CE-4916-B1BE-36E1835F2971}.Release|iPhoneSimulator.ActiveCfg = Release|Any CPU
		{0EF9CBE0-69CE-4916-B1BE-36E1835F2971}.Release|iPhoneSimulator.Build.0 = Release|Any CPU
		{0EF9CBE0-69CE-4916-B1BE-36E1835F2971}.Release|iPhoneSimulator.Deploy.0 = Release|Any CPU
		{9EE0EFBD-7EBE-461E-B278-11B867DDD18C}.Ad-Hoc|Any CPU.ActiveCfg = Ad-Hoc|iPhone
		{9EE0EFBD-7EBE-461E-B278-11B867DDD18C}.Ad-Hoc|Any CPU.Build.0 = Ad-Hoc|iPhone
		{9EE0EFBD-7EBE-461E-B278-11B867DDD18C}.Ad-Hoc|Any CPU.Deploy.0 = Ad-Hoc|iPhone
		{9EE0EFBD-7EBE-461E-B278-11B867DDD18C}.Ad-Hoc|iPhone.ActiveCfg = Ad-Hoc|iPhone
		{9EE0EFBD-7EBE-461E-B278-11B867DDD18C}.Ad-Hoc|iPhone.Build.0 = Ad-Hoc|iPhone
		{9EE0EFBD-7EBE-461E-B278-11B867DDD18C}.Ad-Hoc|iPhone.Deploy.0 = Ad-Hoc|iPhone
		{9EE0EFBD-7EBE-461E-B278-11B867DDD18C}.Ad-Hoc|iPhoneSimulator.ActiveCfg = Ad-Hoc|iPhoneSimulator
		{9EE0EFBD-7EBE-461E-B278-11B867DDD18C}.Ad-Hoc|iPhoneSimulator.Build.0 = Ad-Hoc|iPhoneSimulator
		{9EE0EFBD-7EBE-461E-B278-11B867DDD18C}.Ad-Hoc|iPhoneSimulator.Deploy.0 = Ad-Hoc|iPhoneSimulator
		{9EE0EFBD-7EBE-461E-B278-11B867DDD18C}.AppStore|Any CPU.ActiveCfg = AppStore|iPhone
		{9EE0EFBD-7EBE-461E-B278-11B867DDD18C}.AppStore|Any CPU.Build.0 = AppStore|iPhone
		{9EE0EFBD-7EBE-461E-B278-11B867DDD18C}.AppStore|Any CPU.Deploy.0 = AppStore|iPhone
		{9EE0EFBD-7EBE-461E-B278-11B867DDD18C}.AppStore|iPhone.ActiveCfg = AppStore|iPhone
		{9EE0EFBD-7EBE-461E-B278-11B867DDD18C}.AppStore|iPhone.Build.0 = AppStore|iPhone
		{9EE0EFBD-7EBE-461E-B278-11B867DDD18C}.AppStore|iPhone.Deploy.0 = AppStore|iPhone
		{9EE0EFBD-7EBE-461E-B278-11B867DDD18C}.AppStore|iPhoneSimulator.ActiveCfg = AppStore|iPhoneSimulator
		{9EE0EFBD-7EBE-461E-B278-11B867DDD18C}.AppStore|iPhoneSimulator.Build.0 = AppStore|iPhoneSimulator
		{9EE0EFBD-7EBE-461E-B278-11B867DDD18C}.AppStore|iPhoneSimulator.Deploy.0 = AppStore|iPhoneSimulator
		{9EE0EFBD-7EBE-461E-B278-11B867DDD18C}.Debug|Any CPU.ActiveCfg = Debug|iPhoneSimulator
		{9EE0EFBD-7EBE-461E-B278-11B867DDD18C}.Debug|Any CPU.Build.0 = Debug|iPhoneSimulator
		{9EE0EFBD-7EBE-461E-B278-11B867DDD18C}.Debug|Any CPU.Deploy.0 = Debug|iPhoneSimulator
		{9EE0EFBD-7EBE-461E-B278-11B867DDD18C}.Debug|iPhone.ActiveCfg = Debug|iPhone
		{9EE0EFBD-7EBE-461E-B278-11B867DDD18C}.Debug|iPhone.Build.0 = Debug|iPhone
		{9EE0EFBD-7EBE-461E-B278-11B867DDD18C}.Debug|iPhone.Deploy.0 = Debug|iPhone
		{9EE0EFBD-7EBE-461E-B278-11B867DDD18C}.Debug|iPhoneSimulator.ActiveCfg = Debug|iPhoneSimulator
		{9EE0EFBD-7EBE-461E-B278-11B867DDD18C}.Debug|iPhoneSimulator.Build.0 = Debug|iPhoneSimulator
		{9EE0EFBD-7EBE-461E-B278-11B867DDD18C}.Debug|iPhoneSimulator.Deploy.0 = Debug|iPhoneSimulator
		{9EE0EFBD-7EBE-461E-B278-11B867DDD18C}.Release|Any CPU.ActiveCfg = Release|iPhone
		{9EE0EFBD-7EBE-461E-B278-11B867DDD18C}.Release|Any CPU.Build.0 = Release|iPhone
		{9EE0EFBD-7EBE-461E-B278-11B867DDD18C}.Release|Any CPU.Deploy.0 = Release|iPhone
		{9EE0EFBD-7EBE-461E-B278-11B867DDD18C}.Release|iPhone.ActiveCfg = Release|iPhone
		{9EE0EFBD-7EBE-461E-B278-11B867DDD18C}.Release|iPhone.Build.0 = Release|iPhone
		{9EE0EFBD-7EBE-461E-B278-11B867DDD18C}.Release|iPhone.Deploy.0 = Release|iPhone
		{9EE0EFBD-7EBE-461E-B278-11B867DDD18C}.Release|iPhoneSimulator.ActiveCfg = Release|iPhoneSimulator
		{9EE0EFBD-7EBE-461E-B278-11B867DDD18C}.Release|iPhoneSimulator.Build.0 = Release|iPhoneSimulator
		{9EE0EFBD-7EBE-461E-B278-11B867DDD18C}.Release|iPhoneSimulator.Deploy.0 = Release|iPhoneSimulator
		{F34F0BC3-F52B-49AA-A571-4516BDF8E46B}.Ad-Hoc|Any CPU.ActiveCfg = Debug|Any CPU
		{F34F0BC3-F52B-49AA-A571-4516BDF8E46B}.Ad-Hoc|Any CPU.Build.0 = Debug|Any CPU
		{F34F0BC3-F52B-49AA-A571-4516BDF8E46B}.Ad-Hoc|Any CPU.Deploy.0 = Debug|Any CPU
		{F34F0BC3-F52B-49AA-A571-4516BDF8E46B}.Ad-Hoc|iPhone.ActiveCfg = Debug|Any CPU
		{F34F0BC3-F52B-49AA-A571-4516BDF8E46B}.Ad-Hoc|iPhone.Build.0 = Debug|Any CPU
		{F34F0BC3-F52B-49AA-A571-4516BDF8E46B}.Ad-Hoc|iPhone.Deploy.0 = Debug|Any CPU
		{F34F0BC3-F52B-49AA-A571-4516BDF8E46B}.Ad-Hoc|iPhoneSimulator.ActiveCfg = Debug|Any CPU
		{F34F0BC3-F52B-49AA-A571-4516BDF8E46B}.Ad-Hoc|iPhoneSimulator.Build.0 = Debug|Any CPU
		{F34F0BC3-F52B-49AA-A571-4516BDF8E46B}.Ad-Hoc|iPhoneSimulator.Deploy.0 = Debug|Any CPU
		{F34F0BC3-F52B-49AA-A571-4516BDF8E46B}.AppStore|Any CPU.ActiveCfg = Debug|Any CPU
		{F34F0BC3-F52B-49AA-A571-4516BDF8E46B}.AppStore|Any CPU.Build.0 = Debug|Any CPU
		{F34F0BC3-F52B-49AA-A571-4516BDF8E46B}.AppStore|Any CPU.Deploy.0 = Debug|Any CPU
		{F34F0BC3-F52B-49AA-A571-4516BDF8E46B}.AppStore|iPhone.ActiveCfg = Debug|Any CPU
		{F34F0BC3-F52B-49AA-A571-4516BDF8E46B}.AppStore|iPhone.Build.0 = Debug|Any CPU
		{F34F0BC3-F52B-49AA-A571-4516BDF8E46B}.AppStore|iPhone.Deploy.0 = Debug|Any CPU
		{F34F0BC3-F52B-49AA-A571-4516BDF8E46B}.AppStore|iPhoneSimulator.ActiveCfg = Debug|Any CPU
		{F34F0BC3-F52B-49AA-A571-4516BDF8E46B}.AppStore|iPhoneSimulator.Build.0 = Debug|Any CPU
		{F34F0BC3-F52B-49AA-A571-4516BDF8E46B}.AppStore|iPhoneSimulator.Deploy.0 = Debug|Any CPU
		{F34F0BC3-F52B-49AA-A571-4516BDF8E46B}.Debug|Any CPU.ActiveCfg = Debug|Any CPU
		{F34F0BC3-F52B-49AA-A571-4516BDF8E46B}.Debug|Any CPU.Build.0 = Debug|Any CPU
		{F34F0BC3-F52B-49AA-A571-4516BDF8E46B}.Debug|Any CPU.Deploy.0 = Debug|Any CPU
		{F34F0BC3-F52B-49AA-A571-4516BDF8E46B}.Debug|iPhone.ActiveCfg = Debug|Any CPU
		{F34F0BC3-F52B-49AA-A571-4516BDF8E46B}.Debug|iPhone.Build.0 = Debug|Any CPU
		{F34F0BC3-F52B-49AA-A571-4516BDF8E46B}.Debug|iPhone.Deploy.0 = Debug|Any CPU
		{F34F0BC3-F52B-49AA-A571-4516BDF8E46B}.Debug|iPhoneSimulator.ActiveCfg = Debug|Any CPU
		{F34F0BC3-F52B-49AA-A571-4516BDF8E46B}.Debug|iPhoneSimulator.Build.0 = Debug|Any CPU
		{F34F0BC3-F52B-49AA-A571-4516BDF8E46B}.Debug|iPhoneSimulator.Deploy.0 = Debug|Any CPU
		{F34F0BC3-F52B-49AA-A571-4516BDF8E46B}.Release|Any CPU.ActiveCfg = Release|Any CPU
		{F34F0BC3-F52B-49AA-A571-4516BDF8E46B}.Release|Any CPU.Build.0 = Release|Any CPU
		{F34F0BC3-F52B-49AA-A571-4516BDF8E46B}.Release|Any CPU.Deploy.0 = Release|Any CPU
		{F34F0BC3-F52B-49AA-A571-4516BDF8E46B}.Release|iPhone.ActiveCfg = Release|Any CPU
		{F34F0BC3-F52B-49AA-A571-4516BDF8E46B}.Release|iPhone.Build.0 = Release|Any CPU
		{F34F0BC3-F52B-49AA-A571-4516BDF8E46B}.Release|iPhone.Deploy.0 = Release|Any CPU
		{F34F0BC3-F52B-49AA-A571-4516BDF8E46B}.Release|iPhoneSimulator.ActiveCfg = Release|Any CPU
		{F34F0BC3-F52B-49AA-A571-4516BDF8E46B}.Release|iPhoneSimulator.Build.0 = Release|Any CPU
		{F34F0BC3-F52B-49AA-A571-4516BDF8E46B}.Release|iPhoneSimulator.Deploy.0 = Release|Any CPU
	EndGlobalSection
	GlobalSection(SolutionProperties) = preSolution
		HideSolutionNode = FALSE
	EndGlobalSection
	GlobalSection(ExtensibilityGlobals) = postSolution
		SolutionGuid = {73093FE8-040B-4928-8CCB-BC3D5E0EA0CC}
	EndGlobalSection
EndGlobal
