
Microsoft Visual Studio Solution File, Format Version 12.00
# Visual Studio 15
VisualStudioVersion = 15.0.28010.0
MinimumVisualStudioVersion = 10.0.40219.1
Project("{FAE04EC0-301F-11D3-BF4B-00C04F79EFBC}") = "APlanner_MDP.Android", "APlanner_MDP\APlanner_MDP.Android\APlanner_MDP.Android.csproj", "{C00FCC48-E4AB-4917-A4FA-59E7BAC80B2D}"
EndProject
Project("{FAE04EC0-301F-11D3-BF4B-00C04F79EFBC}") = "APlanner_MDP.iOS", "APlanner_MDP\APlanner_MDP.iOS\APlanner_MDP.iOS.csproj", "{34EE1CCE-2FFA-49E2-BE9B-FA60A5CFD5D8}"
EndProject
Project("{FAE04EC0-301F-11D3-BF4B-00C04F79EFBC}") = "APlanner_MDP", "APlanner_MDP\APlanner_MDP\APlanner_MDP.csproj", "{A75C17E2-B7FC-46DE-8241-08D89CE1E450}"
EndProject
Global
	GlobalSection(SolutionConfigurationPlatforms) = preSolution
		Ad-Hoc|Any CPU = Ad-Hoc|Any CPU
		Ad-Hoc|iPhone = Ad-Hoc|iPhone
		Ad-Hoc|iPhoneSimulator = Ad-Hoc|iPhoneSimulator
		AppStore|Any CPU = AppStore|Any CPU
		AppStore|iPhone = AppStore|iPhone
		AppStore|iPhoneSimulator = AppStore|iPhoneSimulator
		Debug|Any CPU = Debug|Any CPU
		Debug|iPhone = Debug|iPhone
		Debug|iPhoneSimulator = Debug|iPhoneSimulator
		Release|Any CPU = Release|Any CPU
		Release|iPhone = Release|iPhone
		Release|iPhoneSimulator = Release|iPhoneSimulator
	EndGlobalSection
	GlobalSection(ProjectConfigurationPlatforms) = postSolution
		{C00FCC48-E4AB-4917-A4FA-59E7BAC80B2D}.Ad-Hoc|Any CPU.ActiveCfg = Release|Any CPU
		{C00FCC48-E4AB-4917-A4FA-59E7BAC80B2D}.Ad-Hoc|Any CPU.Build.0 = Release|Any CPU
		{C00FCC48-E4AB-4917-A4FA-59E7BAC80B2D}.Ad-Hoc|Any CPU.Deploy.0 = Release|Any CPU
		{C00FCC48-E4AB-4917-A4FA-59E7BAC80B2D}.Ad-Hoc|iPhone.ActiveCfg = Release|Any CPU
		{C00FCC48-E4AB-4917-A4FA-59E7BAC80B2D}.Ad-Hoc|iPhone.Build.0 = Release|Any CPU
		{C00FCC48-E4AB-4917-A4FA-59E7BAC80B2D}.Ad-Hoc|iPhone.Deploy.0 = Release|Any CPU
		{C00FCC48-E4AB-4917-A4FA-59E7BAC80B2D}.Ad-Hoc|iPhoneSimulator.ActiveCfg = Release|Any CPU
		{C00FCC48-E4AB-4917-A4FA-59E7BAC80B2D}.Ad-Hoc|iPhoneSimulator.Build.0 = Release|Any CPU
		{C00FCC48-E4AB-4917-A4FA-59E7BAC80B2D}.Ad-Hoc|iPhoneSimulator.Deploy.0 = Release|Any CPU
		{C00FCC48-E4AB-4917-A4FA-59E7BAC80B2D}.AppStore|Any CPU.ActiveCfg = Release|Any CPU
		{C00FCC48-E4AB-4917-A4FA-59E7BAC80B2D}.AppStore|Any CPU.Build.0 = Release|Any CPU
		{C00FCC48-E4AB-4917-A4FA-59E7BAC80B2D}.AppStore|Any CPU.Deploy.0 = Release|Any CPU
		{C00FCC48-E4AB-4917-A4FA-59E7BAC80B2D}.AppStore|iPhone.ActiveCfg = Release|Any CPU
		{C00FCC48-E4AB-4917-A4FA-59E7BAC80B2D}.AppStore|iPhone.Build.0 = Release|Any CPU
		{C00FCC48-E4AB-4917-A4FA-59E7BAC80B2D}.AppStore|iPhone.Deploy.0 = Release|Any CPU
		{C00FCC48-E4AB-4917-A4FA-59E7BAC80B2D}.AppStore|iPhoneSimulator.ActiveCfg = Release|Any CPU
		{C00FCC48-E4AB-4917-A4FA-59E7BAC80B2D}.AppStore|iPhoneSimulator.Build.0 = Release|Any CPU
		{C00FCC48-E4AB-4917-A4FA-59E7BAC80B2D}.AppStore|iPhoneSimulator.Deploy.0 = Release|Any CPU
		{C00FCC48-E4AB-4917-A4FA-59E7BAC80B2D}.Debug|Any CPU.ActiveCfg = Debug|Any CPU
		{C00FCC48-E4AB-4917-A4FA-59E7BAC80B2D}.Debug|Any CPU.Build.0 = Debug|Any CPU
		{C00FCC48-E4AB-4917-A4FA-59E7BAC80B2D}.Debug|Any CPU.Deploy.0 = Debug|Any CPU
		{C00FCC48-E4AB-4917-A4FA-59E7BAC80B2D}.Debug|iPhone.ActiveCfg = Debug|Any CPU
		{C00FCC48-E4AB-4917-A4FA-59E7BAC80B2D}.Debug|iPhone.Build.0 = Debug|Any CPU
		{C00FCC48-E4AB-4917-A4FA-59E7BAC80B2D}.Debug|iPhone.Deploy.0 = Debug|Any CPU
		{C00FCC48-E4AB-4917-A4FA-59E7BAC80B2D}.Debug|iPhoneSimulator.ActiveCfg = Debug|Any CPU
		{C00FCC48-E4AB-4917-A4FA-59E7BAC80B2D}.Debug|iPhoneSimulator.Build.0 = Debug|Any CPU
		{C00FCC48-E4AB-4917-A4FA-59E7BAC80B2D}.Debug|iPhoneSimulator.Deploy.0 = Debug|Any CPU
		{C00FCC48-E4AB-4917-A4FA-59E7BAC80B2D}.Release|Any CPU.ActiveCfg = Release|Any CPU
		{C00FCC48-E4AB-4917-A4FA-59E7BAC80B2D}.Release|Any CPU.Build.0 = Release|Any CPU
		{C00FCC48-E4AB-4917-A4FA-59E7BAC80B2D}.Release|Any CPU.Deploy.0 = Release|Any CPU
		{C00FCC48-E4AB-4917-A4FA-59E7BAC80B2D}.Release|iPhone.ActiveCfg = Release|Any CPU
		{C00FCC48-E4AB-4917-A4FA-59E7BAC80B2D}.Release|iPhone.Build.0 = Release|Any CPU
		{C00FCC48-E4AB-4917-A4FA-59E7BAC80B2D}.Release|iPhone.Deploy.0 = Release|Any CPU
		{C00FCC48-E4AB-4917-A4FA-59E7BAC80B2D}.Release|iPhoneSimulator.ActiveCfg = Release|Any CPU
		{C00FCC48-E4AB-4917-A4FA-59E7BAC80B2D}.Release|iPhoneSimulator.Build.0 = Release|Any CPU
		{C00FCC48-E4AB-4917-A4FA-59E7BAC80B2D}.Release|iPhoneSimulator.Deploy.0 = Release|Any CPU
		{34EE1CCE-2FFA-49E2-BE9B-FA60A5CFD5D8}.Ad-Hoc|Any CPU.ActiveCfg = Ad-Hoc|iPhone
		{34EE1CCE-2FFA-49E2-BE9B-FA60A5CFD5D8}.Ad-Hoc|Any CPU.Build.0 = Ad-Hoc|iPhone
		{34EE1CCE-2FFA-49E2-BE9B-FA60A5CFD5D8}.Ad-Hoc|Any CPU.Deploy.0 = Ad-Hoc|iPhone
		{34EE1CCE-2FFA-49E2-BE9B-FA60A5CFD5D8}.Ad-Hoc|iPhone.ActiveCfg = Ad-Hoc|iPhone
		{34EE1CCE-2FFA-49E2-BE9B-FA60A5CFD5D8}.Ad-Hoc|iPhone.Build.0 = Ad-Hoc|iPhone
		{34EE1CCE-2FFA-49E2-BE9B-FA60A5CFD5D8}.Ad-Hoc|iPhone.Deploy.0 = Ad-Hoc|iPhone
		{34EE1CCE-2FFA-49E2-BE9B-FA60A5CFD5D8}.Ad-Hoc|iPhoneSimulator.ActiveCfg = Ad-Hoc|iPhoneSimulator
		{34EE1CCE-2FFA-49E2-BE9B-FA60A5CFD5D8}.Ad-Hoc|iPhoneSimulator.Build.0 = Ad-Hoc|iPhoneSimulator
		{34EE1CCE-2FFA-49E2-BE9B-FA60A5CFD5D8}.Ad-Hoc|iPhoneSimulator.Deploy.0 = Ad-Hoc|iPhoneSimulator
		{34EE1CCE-2FFA-49E2-BE9B-FA60A5CFD5D8}.AppStore|Any CPU.ActiveCfg = AppStore|iPhone
		{34EE1CCE-2FFA-49E2-BE9B-FA60A5CFD5D8}.AppStore|Any CPU.Build.0 = AppStore|iPhone
		{34EE1CCE-2FFA-49E2-BE9B-FA60A5CFD5D8}.AppStore|Any CPU.Deploy.0 = AppStore|iPhone
		{34EE1CCE-2FFA-49E2-BE9B-FA60A5CFD5D8}.AppStore|iPhone.ActiveCfg = AppStore|iPhone
		{34EE1CCE-2FFA-49E2-BE9B-FA60A5CFD5D8}.AppStore|iPhone.Build.0 = AppStore|iPhone
		{34EE1CCE-2FFA-49E2-BE9B-FA60A5CFD5D8}.AppStore|iPhone.Deploy.0 = AppStore|iPhone
		{34EE1CCE-2FFA-49E2-BE9B-FA60A5CFD5D8}.AppStore|iPhoneSimulator.ActiveCfg = AppStore|iPhoneSimulator
		{34EE1CCE-2FFA-49E2-BE9B-FA60A5CFD5D8}.AppStore|iPhoneSimulator.Build.0 = AppStore|iPhoneSimulator
		{34EE1CCE-2FFA-49E2-BE9B-FA60A5CFD5D8}.AppStore|iPhoneSimulator.Deploy.0 = AppStore|iPhoneSimulator
		{34EE1CCE-2FFA-49E2-BE9B-FA60A5CFD5D8}.Debug|Any CPU.ActiveCfg = Debug|iPhoneSimulator
		{34EE1CCE-2FFA-49E2-BE9B-FA60A5CFD5D8}.Debug|Any CPU.Build.0 = Debug|iPhoneSimulator
		{34EE1CCE-2FFA-49E2-BE9B-FA60A5CFD5D8}.Debug|Any CPU.Deploy.0 = Debug|iPhoneSimulator
		{34EE1CCE-2FFA-49E2-BE9B-FA60A5CFD5D8}.Debug|iPhone.ActiveCfg = Debug|iPhone
		{34EE1CCE-2FFA-49E2-BE9B-FA60A5CFD5D8}.Debug|iPhone.Build.0 = Debug|iPhone
		{34EE1CCE-2FFA-49E2-BE9B-FA60A5CFD5D8}.Debug|iPhone.Deploy.0 = Debug|iPhone
		{34EE1CCE-2FFA-49E2-BE9B-FA60A5CFD5D8}.Debug|iPhoneSimulator.ActiveCfg = Debug|iPhoneSimulator
		{34EE1CCE-2FFA-49E2-BE9B-FA60A5CFD5D8}.Debug|iPhoneSimulator.Build.0 = Debug|iPhoneSimulator
		{34EE1CCE-2FFA-49E2-BE9B-FA60A5CFD5D8}.Debug|iPhoneSimulator.Deploy.0 = Debug|iPhoneSimulator
		{34EE1CCE-2FFA-49E2-BE9B-FA60A5CFD5D8}.Release|Any CPU.ActiveCfg = Release|iPhone
		{34EE1CCE-2FFA-49E2-BE9B-FA60A5CFD5D8}.Release|Any CPU.Build.0 = Release|iPhone
		{34EE1CCE-2FFA-49E2-BE9B-FA60A5CFD5D8}.Release|Any CPU.Deploy.0 = Release|iPhone
		{34EE1CCE-2FFA-49E2-BE9B-FA60A5CFD5D8}.Release|iPhone.ActiveCfg = Release|iPhone
		{34EE1CCE-2FFA-49E2-BE9B-FA60A5CFD5D8}.Release|iPhone.Build.0 = Release|iPhone
		{34EE1CCE-2FFA-49E2-BE9B-FA60A5CFD5D8}.Release|iPhone.Deploy.0 = Release|iPhone
		{34EE1CCE-2FFA-49E2-BE9B-FA60A5CFD5D8}.Release|iPhoneSimulator.ActiveCfg = Release|iPhoneSimulator
		{34EE1CCE-2FFA-49E2-BE9B-FA60A5CFD5D8}.Release|iPhoneSimulator.Build.0 = Release|iPhoneSimulator
		{34EE1CCE-2FFA-49E2-BE9B-FA60A5CFD5D8}.Release|iPhoneSimulator.Deploy.0 = Release|iPhoneSimulator
		{A75C17E2-B7FC-46DE-8241-08D89CE1E450}.Ad-Hoc|Any CPU.ActiveCfg = Debug|Any CPU
		{A75C17E2-B7FC-46DE-8241-08D89CE1E450}.Ad-Hoc|Any CPU.Build.0 = Debug|Any CPU
		{A75C17E2-B7FC-46DE-8241-08D89CE1E450}.Ad-Hoc|Any CPU.Deploy.0 = Debug|Any CPU
		{A75C17E2-B7FC-46DE-8241-08D89CE1E450}.Ad-Hoc|iPhone.ActiveCfg = Debug|Any CPU
		{A75C17E2-B7FC-46DE-8241-08D89CE1E450}.Ad-Hoc|iPhone.Build.0 = Debug|Any CPU
		{A75C17E2-B7FC-46DE-8241-08D89CE1E450}.Ad-Hoc|iPhone.Deploy.0 = Debug|Any CPU
		{A75C17E2-B7FC-46DE-8241-08D89CE1E450}.Ad-Hoc|iPhoneSimulator.ActiveCfg = Debug|Any CPU
		{A75C17E2-B7FC-46DE-8241-08D89CE1E450}.Ad-Hoc|iPhoneSimulator.Build.0 = Debug|Any CPU
		{A75C17E2-B7FC-46DE-8241-08D89CE1E450}.Ad-Hoc|iPhoneSimulator.Deploy.0 = Debug|Any CPU
		{A75C17E2-B7FC-46DE-8241-08D89CE1E450}.AppStore|Any CPU.ActiveCfg = Debug|Any CPU
		{A75C17E2-B7FC-46DE-8241-08D89CE1E450}.AppStore|Any CPU.Build.0 = Debug|Any CPU
		{A75C17E2-B7FC-46DE-8241-08D89CE1E450}.AppStore|Any CPU.Deploy.0 = Debug|Any CPU
		{A75C17E2-B7FC-46DE-8241-08D89CE1E450}.AppStore|iPhone.ActiveCfg = Debug|Any CPU
		{A75C17E2-B7FC-46DE-8241-08D89CE1E450}.AppStore|iPhone.Build.0 = Debug|Any CPU
		{A75C17E2-B7FC-46DE-8241-08D89CE1E450}.AppStore|iPhone.Deploy.0 = Debug|Any CPU
		{A75C17E2-B7FC-46DE-8241-08D89CE1E450}.AppStore|iPhoneSimulator.ActiveCfg = Debug|Any CPU
		{A75C17E2-B7FC-46DE-8241-08D89CE1E450}.AppStore|iPhoneSimulator.Build.0 = Debug|Any CPU
		{A75C17E2-B7FC-46DE-8241-08D89CE1E450}.AppStore|iPhoneSimulator.Deploy.0 = Debug|Any CPU
		{A75C17E2-B7FC-46DE-8241-08D89CE1E450}.Debug|Any CPU.ActiveCfg = Debug|Any CPU
		{A75C17E2-B7FC-46DE-8241-08D89CE1E450}.Debug|Any CPU.Build.0 = Debug|Any CPU
		{A75C17E2-B7FC-46DE-8241-08D89CE1E450}.Debug|Any CPU.Deploy.0 = Debug|Any CPU
		{A75C17E2-B7FC-46DE-8241-08D89CE1E450}.Debug|iPhone.ActiveCfg = Debug|Any CPU
		{A75C17E2-B7FC-46DE-8241-08D89CE1E450}.Debug|iPhone.Build.0 = Debug|Any CPU
		{A75C17E2-B7FC-46DE-8241-08D89CE1E450}.Debug|iPhone.Deploy.0 = Debug|Any CPU
		{A75C17E2-B7FC-46DE-8241-08D89CE1E450}.Debug|iPhoneSimulator.ActiveCfg = Debug|Any CPU
		{A75C17E2-B7FC-46DE-8241-08D89CE1E450}.Debug|iPhoneSimulator.Build.0 = Debug|Any CPU
		{A75C17E2-B7FC-46DE-8241-08D89CE1E450}.Debug|iPhoneSimulator.Deploy.0 = Debug|Any CPU
		{A75C17E2-B7FC-46DE-8241-08D89CE1E450}.Release|Any CPU.ActiveCfg = Release|Any CPU
		{A75C17E2-B7FC-46DE-8241-08D89CE1E450}.Release|Any CPU.Build.0 = Release|Any CPU
		{A75C17E2-B7FC-46DE-8241-08D89CE1E450}.Release|Any CPU.Deploy.0 = Release|Any CPU
		{A75C17E2-B7FC-46DE-8241-08D89CE1E450}.Release|iPhone.ActiveCfg = Release|Any CPU
		{A75C17E2-B7FC-46DE-8241-08D89CE1E450}.Release|iPhone.Build.0 = Release|Any CPU
		{A75C17E2-B7FC-46DE-8241-08D89CE1E450}.Release|iPhone.Deploy.0 = Release|Any CPU
		{A75C17E2-B7FC-46DE-8241-08D89CE1E450}.Release|iPhoneSimulator.ActiveCfg = Release|Any CPU
		{A75C17E2-B7FC-46DE-8241-08D89CE1E450}.Release|iPhoneSimulator.Build.0 = Release|Any CPU
		{A75C17E2-B7FC-46DE-8241-08D89CE1E450}.Release|iPhoneSimulator.Deploy.0 = Release|Any CPU
	EndGlobalSection
	GlobalSection(SolutionProperties) = preSolution
		HideSolutionNode = FALSE
	EndGlobalSection
	GlobalSection(ExtensibilityGlobals) = postSolution
		SolutionGuid = {1873F750-6F4F-4256-9D9A-8943E406DF17}
	EndGlobalSection
EndGlobal
